
Microsoft Visual Studio Solution File, Format Version 12.00
# Visual Studio Version 17
VisualStudioVersion = 17.11.35312.102
MinimumVisualStudioVersion = 10.0.40219.1
Project("{FAE04EC0-301F-11D3-BF4B-00C04F79EFBC}") = "Week3Switch", "Week3Switch\Week3Switch.csproj", "{C84FECF9-1439-4290-972F-C7F42703DC8B}"
EndProject
Project("{FAE04EC0-301F-11D3-BF4B-00C04F79EFBC}") = "Week3RemainderOperator", "Week3RemainderOperator\Week3RemainderOperator.csproj", "{BBA60513-C670-4F90-A747-3F4BF98954A2}"
EndProject
Global
	GlobalSection(SolutionConfigurationPlatforms) = preSolution
		Debug|Any CPU = Debug|Any CPU
		Release|Any CPU = Release|Any CPU
	EndGlobalSection
	GlobalSection(ProjectConfigurationPlatforms) = postSolution
		{C84FECF9-1439-4290-972F-C7F42703DC8B}.Debug|Any CPU.ActiveCfg = Debug|Any CPU
		{C84FECF9-1439-4290-972F-C7F42703DC8B}.Debug|Any CPU.Build.0 = Debug|Any CPU
		{C84FECF9-1439-4290-972F-C7F42703DC8B}.Release|Any CPU.ActiveCfg = Release|Any CPU
		{C84FECF9-1439-4290-972F-C7F42703DC8B}.Release|Any CPU.Build.0 = Release|Any CPU
		{BBA60513-C670-4F90-A747-3F4BF98954A2}.Debug|Any CPU.ActiveCfg = Debug|Any CPU
		{BBA60513-C670-4F90-A747-3F4BF98954A2}.Debug|Any CPU.Build.0 = Debug|Any CPU
		{BBA60513-C670-4F90-A747-3F4BF98954A2}.Release|Any CPU.ActiveCfg = Release|Any CPU
		{BBA60513-C670-4F90-A747-3F4BF98954A2}.Release|Any CPU.Build.0 = Release|Any CPU
	EndGlobalSection
	GlobalSection(SolutionProperties) = preSolution
		HideSolutionNode = FALSE
	EndGlobalSection
	GlobalSection(ExtensibilityGlobals) = postSolution
		SolutionGuid = {D7639F62-36C7-46B9-B701-7A9F6AE90BDD}
	EndGlobalSection
EndGlobal
